
Microsoft Visual Studio Solution File, Format Version 12.00
# Visual Studio Version 17
VisualStudioVersion = 17.5.33627.172
MinimumVisualStudioVersion = 10.0.40219.1
Project("{FAE04EC0-301F-11D3-BF4B-00C04F79EFBC}") = "JWTAuth", "JWTAuth\JWTAuth.csproj", "{73DF5FDE-7E79-4D36-B14D-EE9FE0CC88F2}"
EndProject
Project("{FAE04EC0-301F-11D3-BF4B-00C04F79EFBC}") = "JWTAuth.Domain", "JWTAuth.Domain\JWTAuth.Domain.csproj", "{0ED5AAD3-5BEF-410A-BF3F-0B2318056472}"
EndProject
Project("{FAE04EC0-301F-11D3-BF4B-00C04F79EFBC}") = "JWTAuth.Service", "JWTAuth.Service\JWTAuth.Service.csproj", "{FF2D3DD4-8B95-4444-A99F-0C0FDDC3258F}"
	ProjectSection(ProjectDependencies) = postProject
		{0ED5AAD3-5BEF-410A-BF3F-0B2318056472} = {0ED5AAD3-5BEF-410A-BF3F-0B2318056472}
	EndProjectSection
EndProject
Global
	GlobalSection(SolutionConfigurationPlatforms) = preSolution
		Debug|Any CPU = Debug|Any CPU
		Release|Any CPU = Release|Any CPU
	EndGlobalSection
	GlobalSection(ProjectConfigurationPlatforms) = postSolution
		{73DF5FDE-7E79-4D36-B14D-EE9FE0CC88F2}.Debug|Any CPU.ActiveCfg = Debug|Any CPU
		{73DF5FDE-7E79-4D36-B14D-EE9FE0CC88F2}.Debug|Any CPU.Build.0 = Debug|Any CPU
		{73DF5FDE-7E79-4D36-B14D-EE9FE0CC88F2}.Release|Any CPU.ActiveCfg = Release|Any CPU
		{73DF5FDE-7E79-4D36-B14D-EE9FE0CC88F2}.Release|Any CPU.Build.0 = Release|Any CPU
		{0ED5AAD3-5BEF-410A-BF3F-0B2318056472}.Debug|Any CPU.ActiveCfg = Debug|Any CPU
		{0ED5AAD3-5BEF-410A-BF3F-0B2318056472}.Debug|Any CPU.Build.0 = Debug|Any CPU
		{0ED5AAD3-5BEF-410A-BF3F-0B2318056472}.Release|Any CPU.ActiveCfg = Release|Any CPU
		{0ED5AAD3-5BEF-410A-BF3F-0B2318056472}.Release|Any CPU.Build.0 = Release|Any CPU
		{FF2D3DD4-8B95-4444-A99F-0C0FDDC3258F}.Debug|Any CPU.ActiveCfg = Debug|Any CPU
		{FF2D3DD4-8B95-4444-A99F-0C0FDDC3258F}.Debug|Any CPU.Build.0 = Debug|Any CPU
		{FF2D3DD4-8B95-4444-A99F-0C0FDDC3258F}.Release|Any CPU.ActiveCfg = Release|Any CPU
		{FF2D3DD4-8B95-4444-A99F-0C0FDDC3258F}.Release|Any CPU.Build.0 = Release|Any CPU
	EndGlobalSection
	GlobalSection(SolutionProperties) = preSolution
		HideSolutionNode = FALSE
	EndGlobalSection
	GlobalSection(ExtensibilityGlobals) = postSolution
		SolutionGuid = {DDE060CF-DD5C-4A35-BC94-36B9E374B2B4}
	EndGlobalSection
EndGlobal
